
Microsoft Visual Studio Solution File, Format Version 12.00
# Visual Studio Version 17
VisualStudioVersion = 17.3.32901.215
MinimumVisualStudioVersion = 10.0.40219.1
Project("{2150E333-8FDC-42A3-9474-1A3956D46DE8}") = "Solution Items", "Solution Items", "{80BD051F-E6D9-47D1-AD3F-E08ACC9F88D3}"
	ProjectSection(SolutionItems) = preProject
		.editorconfig = .editorconfig
	EndProjectSection
EndProject
Project("{9A19103F-16F7-4668-BE54-9A1E7A4F7556}") = "TowerDefense", "TowerDefense\TowerDefense.csproj", "{34E6C512-B101-4E8F-BA97-FA688703B57B}"
EndProject
Global
	GlobalSection(SolutionConfigurationPlatforms) = preSolution
		Debug|Any CPU = Debug|Any CPU
		Release|Any CPU = Release|Any CPU
	EndGlobalSection
	GlobalSection(ProjectConfigurationPlatforms) = postSolution
		{34E6C512-B101-4E8F-BA97-FA688703B57B}.Debug|Any CPU.ActiveCfg = Debug|Any CPU
		{34E6C512-B101-4E8F-BA97-FA688703B57B}.Debug|Any CPU.Build.0 = Debug|Any CPU
		{34E6C512-B101-4E8F-BA97-FA688703B57B}.Release|Any CPU.ActiveCfg = Release|Any CPU
		{34E6C512-B101-4E8F-BA97-FA688703B57B}.Release|Any CPU.Build.0 = Release|Any CPU
	EndGlobalSection
	GlobalSection(SolutionProperties) = preSolution
		HideSolutionNode = FALSE
	EndGlobalSection
	GlobalSection(ExtensibilityGlobals) = postSolution
		SolutionGuid = {51697D37-C27E-4A4B-80FD-460CA6F381AD}
	EndGlobalSection
EndGlobal
